// !$*UTF8*$!
{
	archiveVersion = 1;
	classes = {
	};
	objectVersion = 46;
	objects = {

/* Begin PBXBuildFile section */
		1D5D4D941C4237B9007AE366 /* NSObject+SBJson.m in Sources */ = {isa = PBXBuildFile; fileRef = 1D5D4D621C4237B9007AE366 /* NSObject+SBJson.m */; };
		1D5D4D951C4237B9007AE366 /* SBJsonParser.m in Sources */ = {isa = PBXBuildFile; fileRef = 1D5D4D651C4237B9007AE366 /* SBJsonParser.m */; };
		1D5D4D961C4237B9007AE366 /* SBJsonStreamParser.m in Sources */ = {isa = PBXBuildFile; fileRef = 1D5D4D671C4237B9007AE366 /* SBJsonStreamParser.m */; };
		1D5D4D971C4237B9007AE366 /* SBJsonStreamParserAccumulator.m in Sources */ = {isa = PBXBuildFile; fileRef = 1D5D4D691C4237B9007AE366 /* SBJsonStreamParserAccumulator.m */; };
		1D5D4D981C4237B9007AE366 /* SBJsonStreamParserAdapter.m in Sources */ = {isa = PBXBuildFile; fileRef = 1D5D4D6B1C4237B9007AE366 /* SBJsonStreamParserAdapter.m */; };
		1D5D4D991C4237B9007AE366 /* SBJsonStreamParserState.m in Sources */ = {isa = PBXBuildFile; fileRef = 1D5D4D6D1C4237B9007AE366 /* SBJsonStreamParserState.m */; };
		1D5D4D9A1C4237B9007AE366 /* SBJsonStreamWriter.m in Sources */ = {isa = PBXBuildFile; fileRef = 1D5D4D6F1C4237B9007AE366 /* SBJsonStreamWriter.m */; };
		1D5D4D9B1C4237B9007AE366 /* SBJsonStreamWriterAccumulator.m in Sources */ = {isa = PBXBuildFile; fileRef = 1D5D4D711C4237B9007AE366 /* SBJsonStreamWriterAccumulator.m */; };
		1D5D4D9C1C4237B9007AE366 /* SBJsonStreamWriterState.m in Sources */ = {isa = PBXBuildFile; fileRef = 1D5D4D731C4237B9007AE366 /* SBJsonStreamWriterState.m */; };
		1D5D4D9D1C4237B9007AE366 /* SBJsonTokeniser.m in Sources */ = {isa = PBXBuildFile; fileRef = 1D5D4D751C4237B9007AE366 /* SBJsonTokeniser.m */; };
		1D5D4D9E1C4237B9007AE366 /* SBJsonUTF8Stream.m in Sources */ = {isa = PBXBuildFile; fileRef = 1D5D4D771C4237B9007AE366 /* SBJsonUTF8Stream.m */; };
		1D5D4D9F1C4237B9007AE366 /* SBJsonWriter.m in Sources */ = {isa = PBXBuildFile; fileRef = 1D5D4D791C4237B9007AE366 /* SBJsonWriter.m */; };
		1D5D4DA01C4237B9007AE366 /* NSDictionary+ObjectMapper.m in Sources */ = {isa = PBXBuildFile; fileRef = 1D5D4D7D1C4237B9007AE366 /* NSDictionary+ObjectMapper.m */; };
		1D5D4DA11C4237B9007AE366 /* NSObject+ObjectMapper.m in Sources */ = {isa = PBXBuildFile; fileRef = 1D5D4D7F1C4237B9007AE366 /* NSObject+ObjectMapper.m */; };
		1D5D4DA21C4237B9007AE366 /* ManagedObjectInstanceProvider.m in Sources */ = {isa = PBXBuildFile; fileRef = 1D5D4D831C4237B9007AE366 /* ManagedObjectInstanceProvider.m */; };
		1D5D4DA31C4237B9007AE366 /* ObjectInstanceProvider.m in Sources */ = {isa = PBXBuildFile; fileRef = 1D5D4D851C4237B9007AE366 /* ObjectInstanceProvider.m */; };
		1D5D4DA41C4237B9007AE366 /* CommonLoggingProvider.m in Sources */ = {isa = PBXBuildFile; fileRef = 1D5D4D881C4237B9007AE366 /* CommonLoggingProvider.m */; };
		1D5D4DA51C4237B9007AE366 /* InCodeMappingProvider.m in Sources */ = {isa = PBXBuildFile; fileRef = 1D5D4D8D1C4237B9007AE366 /* InCodeMappingProvider.m */; };
		1D5D4DA61C4237B9007AE366 /* ObjectMapper.m in Sources */ = {isa = PBXBuildFile; fileRef = 1D5D4D901C4237B9007AE366 /* ObjectMapper.m */; };
		1D5D4DA71C4237B9007AE366 /* ObjectMappingInfo.m in Sources */ = {isa = PBXBuildFile; fileRef = 1D5D4D921C4237B9007AE366 /* ObjectMappingInfo.m */; };
		1D5D4DAB1C423B03007AE366 /* Parser.m in Sources */ = {isa = PBXBuildFile; fileRef = 1D5D4DAA1C423B03007AE366 /* Parser.m */; };
		1D5D4DAF1C425CF4007AE366 /* ObjectResponse.m in Sources */ = {isa = PBXBuildFile; fileRef = 1D5D4DAE1C425CF4007AE366 /* ObjectResponse.m */; };
		1DA99FCE1C0B460A00576553 /* main.m in Sources */ = {isa = PBXBuildFile; fileRef = 1DA99FCD1C0B460A00576553 /* main.m */; };
		1DA99FD11C0B460A00576553 /* AppDelegate.m in Sources */ = {isa = PBXBuildFile; fileRef = 1DA99FD01C0B460A00576553 /* AppDelegate.m */; };
		1DA99FD41C0B460A00576553 /* ViewController.m in Sources */ = {isa = PBXBuildFile; fileRef = 1DA99FD31C0B460A00576553 /* ViewController.m */; };
		1DA99FD71C0B460A00576553 /* Main.storyboard in Resources */ = {isa = PBXBuildFile; fileRef = 1DA99FD51C0B460A00576553 /* Main.storyboard */; };
		1DA99FDA1C0B460B00576553 /* Parse_Object.xcdatamodeld in Sources */ = {isa = PBXBuildFile; fileRef = 1DA99FD81C0B460A00576553 /* Parse_Object.xcdatamodeld */; };
		1DA99FDC1C0B460B00576553 /* Assets.xcassets in Resources */ = {isa = PBXBuildFile; fileRef = 1DA99FDB1C0B460B00576553 /* Assets.xcassets */; };
		1DA99FDF1C0B460B00576553 /* LaunchScreen.storyboard in Resources */ = {isa = PBXBuildFile; fileRef = 1DA99FDD1C0B460B00576553 /* LaunchScreen.storyboard */; };
		1DA99FEE1C0B489D00576553 /* Declarations.m in Sources */ = {isa = PBXBuildFile; fileRef = 1DA99FED1C0B489D00576553 /* Declarations.m */; };
		1DA99FF51C0B48F400576553 /* OCMapperConfig.m in Sources */ = {isa = PBXBuildFile; fileRef = 1DA99FF41C0B48F400576553 /* OCMapperConfig.m */; };
		1DA99FF81C0B492B00576553 /* WebServices.m in Sources */ = {isa = PBXBuildFile; fileRef = 1DA99FF71C0B492B00576553 /* WebServices.m */; };
/* End PBXBuildFile section */

/* Begin PBXFileReference section */
		1D5D4D611C4237B9007AE366 /* NSObject+SBJson.h */ = {isa = PBXFileReference; fileEncoding = 4; lastKnownFileType = sourcecode.c.h; path = "NSObject+SBJson.h"; sourceTree = "<group>"; };
		1D5D4D621C4237B9007AE366 /* NSObject+SBJson.m */ = {isa = PBXFileReference; fileEncoding = 4; lastKnownFileType = sourcecode.c.objc; path = "NSObject+SBJson.m"; sourceTree = "<group>"; };
		1D5D4D631C4237B9007AE366 /* SBJson.h */ = {isa = PBXFileReference; fileEncoding = 4; lastKnownFileType = sourcecode.c.h; path = SBJson.h; sourceTree = "<group>"; };
		1D5D4D641C4237B9007AE366 /* SBJsonParser.h */ = {isa = PBXFileReference; fileEncoding = 4; lastKnownFileType = sourcecode.c.h; path = SBJsonParser.h; sourceTree = "<group>"; };
		1D5D4D651C4237B9007AE366 /* SBJsonParser.m */ = {isa = PBXFileReference; fileEncoding = 4; lastKnownFileType = sourcecode.c.objc; path = SBJsonParser.m; sourceTree = "<group>"; };
		1D5D4D661C4237B9007AE366 /* SBJsonStreamParser.h */ = {isa = PBXFileReference; fileEncoding = 4; lastKnownFileType = sourcecode.c.h; path = SBJsonStreamParser.h; sourceTree = "<group>"; };
		1D5D4D671C4237B9007AE366 /* SBJsonStreamParser.m */ = {isa = PBXFileReference; fileEncoding = 4; lastKnownFileType = sourcecode.c.objc; path = SBJsonStreamParser.m; sourceTree = "<group>"; };
		1D5D4D681C4237B9007AE366 /* SBJsonStreamParserAccumulator.h */ = {isa = PBXFileReference; fileEncoding = 4; lastKnownFileType = sourcecode.c.h; path = SBJsonStreamParserAccumulator.h; sourceTree = "<group>"; };
		1D5D4D691C4237B9007AE366 /* SBJsonStreamParserAccumulator.m */ = {isa = PBXFileReference; fileEncoding = 4; lastKnownFileType = sourcecode.c.objc; path = SBJsonStreamParserAccumulator.m; sourceTree = "<group>"; };
		1D5D4D6A1C4237B9007AE366 /* SBJsonStreamParserAdapter.h */ = {isa = PBXFileReference; fileEncoding = 4; lastKnownFileType = sourcecode.c.h; path = SBJsonStreamParserAdapter.h; sourceTree = "<group>"; };
		1D5D4D6B1C4237B9007AE366 /* SBJsonStreamParserAdapter.m */ = {isa = PBXFileReference; fileEncoding = 4; lastKnownFileType = sourcecode.c.objc; path = SBJsonStreamParserAdapter.m; sourceTree = "<group>"; };
		1D5D4D6C1C4237B9007AE366 /* SBJsonStreamParserState.h */ = {isa = PBXFileReference; fileEncoding = 4; lastKnownFileType = sourcecode.c.h; path = SBJsonStreamParserState.h; sourceTree = "<group>"; };
		1D5D4D6D1C4237B9007AE366 /* SBJsonStreamParserState.m */ = {isa = PBXFileReference; fileEncoding = 4; lastKnownFileType = sourcecode.c.objc; path = SBJsonStreamParserState.m; sourceTree = "<group>"; };
		1D5D4D6E1C4237B9007AE366 /* SBJsonStreamWriter.h */ = {isa = PBXFileReference; fileEncoding = 4; lastKnownFileType = sourcecode.c.h; path = SBJsonStreamWriter.h; sourceTree = "<group>"; };
		1D5D4D6F1C4237B9007AE366 /* SBJsonStreamWriter.m */ = {isa = PBXFileReference; fileEncoding = 4; lastKnownFileType = sourcecode.c.objc; path = SBJsonStreamWriter.m; sourceTree = "<group>"; };
		1D5D4D701C4237B9007AE366 /* SBJsonStreamWriterAccumulator.h */ = {isa = PBXFileReference; fileEncoding = 4; lastKnownFileType = sourcecode.c.h; path = SBJsonStreamWriterAccumulator.h; sourceTree = "<group>"; };
		1D5D4D711C4237B9007AE366 /* SBJsonStreamWriterAccumulator.m */ = {isa = PBXFileReference; fileEncoding = 4; lastKnownFileType = sourcecode.c.objc; path = SBJsonStreamWriterAccumulator.m; sourceTree = "<group>"; };
		1D5D4D721C4237B9007AE366 /* SBJsonStreamWriterState.h */ = {isa = PBXFileReference; fileEncoding = 4; lastKnownFileType = sourcecode.c.h; path = SBJsonStreamWriterState.h; sourceTree = "<group>"; };
		1D5D4D731C4237B9007AE366 /* SBJsonStreamWriterState.m */ = {isa = PBXFileReference; fileEncoding = 4; lastKnownFileType = sourcecode.c.objc; path = SBJsonStreamWriterState.m; sourceTree = "<group>"; };
		1D5D4D741C4237B9007AE366 /* SBJsonTokeniser.h */ = {isa = PBXFileReference; fileEncoding = 4; lastKnownFileType = sourcecode.c.h; path = SBJsonTokeniser.h; sourceTree = "<group>"; };
		1D5D4D751C4237B9007AE366 /* SBJsonTokeniser.m */ = {isa = PBXFileReference; fileEncoding = 4; lastKnownFileType = sourcecode.c.objc; path = SBJsonTokeniser.m; sourceTree = "<group>"; };
		1D5D4D761C4237B9007AE366 /* SBJsonUTF8Stream.h */ = {isa = PBXFileReference; fileEncoding = 4; lastKnownFileType = sourcecode.c.h; path = SBJsonUTF8Stream.h; sourceTree = "<group>"; };
		1D5D4D771C4237B9007AE366 /* SBJsonUTF8Stream.m */ = {isa = PBXFileReference; fileEncoding = 4; lastKnownFileType = sourcecode.c.objc; path = SBJsonUTF8Stream.m; sourceTree = "<group>"; };
		1D5D4D781C4237B9007AE366 /* SBJsonWriter.h */ = {isa = PBXFileReference; fileEncoding = 4; lastKnownFileType = sourcecode.c.h; path = SBJsonWriter.h; sourceTree = "<group>"; };
		1D5D4D791C4237B9007AE366 /* SBJsonWriter.m */ = {isa = PBXFileReference; fileEncoding = 4; lastKnownFileType = sourcecode.c.objc; path = SBJsonWriter.m; sourceTree = "<group>"; };
		1D5D4D7C1C4237B9007AE366 /* NSDictionary+ObjectMapper.h */ = {isa = PBXFileReference; fileEncoding = 4; lastKnownFileType = sourcecode.c.h; path = "NSDictionary+ObjectMapper.h"; sourceTree = "<group>"; };
		1D5D4D7D1C4237B9007AE366 /* NSDictionary+ObjectMapper.m */ = {isa = PBXFileReference; fileEncoding = 4; lastKnownFileType = sourcecode.c.objc; path = "NSDictionary+ObjectMapper.m"; sourceTree = "<group>"; };
		1D5D4D7E1C4237B9007AE366 /* NSObject+ObjectMapper.h */ = {isa = PBXFileReference; fileEncoding = 4; lastKnownFileType = sourcecode.c.h; path = "NSObject+ObjectMapper.h"; sourceTree = "<group>"; };
		1D5D4D7F1C4237B9007AE366 /* NSObject+ObjectMapper.m */ = {isa = PBXFileReference; fileEncoding = 4; lastKnownFileType = sourcecode.c.objc; path = "NSObject+ObjectMapper.m"; sourceTree = "<group>"; };
		1D5D4D811C4237B9007AE366 /* InstanceProvider.h */ = {isa = PBXFileReference; fileEncoding = 4; lastKnownFileType = sourcecode.c.h; path = InstanceProvider.h; sourceTree = "<group>"; };
		1D5D4D821C4237B9007AE366 /* ManagedObjectInstanceProvider.h */ = {isa = PBXFileReference; fileEncoding = 4; lastKnownFileType = sourcecode.c.h; path = ManagedObjectInstanceProvider.h; sourceTree = "<group>"; };
		1D5D4D831C4237B9007AE366 /* ManagedObjectInstanceProvider.m */ = {isa = PBXFileReference; fileEncoding = 4; lastKnownFileType = sourcecode.c.objc; path = ManagedObjectInstanceProvider.m; sourceTree = "<group>"; };
		1D5D4D841C4237B9007AE366 /* ObjectInstanceProvider.h */ = {isa = PBXFileReference; fileEncoding = 4; lastKnownFileType = sourcecode.c.h; path = ObjectInstanceProvider.h; sourceTree = "<group>"; };
		1D5D4D851C4237B9007AE366 /* ObjectInstanceProvider.m */ = {isa = PBXFileReference; fileEncoding = 4; lastKnownFileType = sourcecode.c.objc; path = ObjectInstanceProvider.m; sourceTree = "<group>"; };
		1D5D4D871C4237B9007AE366 /* CommonLoggingProvider.h */ = {isa = PBXFileReference; fileEncoding = 4; lastKnownFileType = sourcecode.c.h; path = CommonLoggingProvider.h; sourceTree = "<group>"; };
		1D5D4D881C4237B9007AE366 /* CommonLoggingProvider.m */ = {isa = PBXFileReference; fileEncoding = 4; lastKnownFileType = sourcecode.c.objc; path = CommonLoggingProvider.m; sourceTree = "<group>"; };
		1D5D4D891C4237B9007AE366 /* LoggingProvider.h */ = {isa = PBXFileReference; fileEncoding = 4; lastKnownFileType = sourcecode.c.h; path = LoggingProvider.h; sourceTree = "<group>"; };
		1D5D4D8C1C4237B9007AE366 /* InCodeMappingProvider.h */ = {isa = PBXFileReference; fileEncoding = 4; lastKnownFileType = sourcecode.c.h; path = InCodeMappingProvider.h; sourceTree = "<group>"; };
		1D5D4D8D1C4237B9007AE366 /* InCodeMappingProvider.m */ = {isa = PBXFileReference; fileEncoding = 4; lastKnownFileType = sourcecode.c.objc; path = InCodeMappingProvider.m; sourceTree = "<group>"; };
		1D5D4D8E1C4237B9007AE366 /* MappingProvider.h */ = {isa = PBXFileReference; fileEncoding = 4; lastKnownFileType = sourcecode.c.h; path = MappingProvider.h; sourceTree = "<group>"; };
		1D5D4D8F1C4237B9007AE366 /* ObjectMapper.h */ = {isa = PBXFileReference; fileEncoding = 4; lastKnownFileType = sourcecode.c.h; path = ObjectMapper.h; sourceTree = "<group>"; };
		1D5D4D901C4237B9007AE366 /* ObjectMapper.m */ = {isa = PBXFileReference; fileEncoding = 4; lastKnownFileType = sourcecode.c.objc; path = ObjectMapper.m; sourceTree = "<group>"; };
		1D5D4D911C4237B9007AE366 /* ObjectMappingInfo.h */ = {isa = PBXFileReference; fileEncoding = 4; lastKnownFileType = sourcecode.c.h; path = ObjectMappingInfo.h; sourceTree = "<group>"; };
		1D5D4D921C4237B9007AE366 /* ObjectMappingInfo.m */ = {isa = PBXFileReference; fileEncoding = 4; lastKnownFileType = sourcecode.c.objc; path = ObjectMappingInfo.m; sourceTree = "<group>"; };
		1D5D4D931C4237B9007AE366 /* OCMapper.h */ = {isa = PBXFileReference; fileEncoding = 4; lastKnownFileType = sourcecode.c.h; path = OCMapper.h; sourceTree = "<group>"; };
		1D5D4DA91C423B02007AE366 /* Parser.h */ = {isa = PBXFileReference; fileEncoding = 4; lastKnownFileType = sourcecode.c.h; path = Parser.h; sourceTree = "<group>"; };
		1D5D4DAA1C423B03007AE366 /* Parser.m */ = {isa = PBXFileReference; fileEncoding = 4; lastKnownFileType = sourcecode.c.objc; path = Parser.m; sourceTree = "<group>"; };
		1D5D4DAD1C425CF4007AE366 /* ObjectResponse.h */ = {isa = PBXFileReference; fileEncoding = 4; lastKnownFileType = sourcecode.c.h; path = ObjectResponse.h; sourceTree = "<group>"; };
		1D5D4DAE1C425CF4007AE366 /* ObjectResponse.m */ = {isa = PBXFileReference; fileEncoding = 4; lastKnownFileType = sourcecode.c.objc; path = ObjectResponse.m; sourceTree = "<group>"; };
		1DA99FC91C0B460A00576553 /* Parse Object.app */ = {isa = PBXFileReference; explicitFileType = wrapper.application; includeInIndex = 0; path = "Parse Object.app"; sourceTree = BUILT_PRODUCTS_DIR; };
		1DA99FCD1C0B460A00576553 /* main.m */ = {isa = PBXFileReference; lastKnownFileType = sourcecode.c.objc; path = main.m; sourceTree = "<group>"; };
		1DA99FCF1C0B460A00576553 /* AppDelegate.h */ = {isa = PBXFileReference; lastKnownFileType = sourcecode.c.h; name = AppDelegate.h; path = "Parse Object/AppDelegate.h"; sourceTree = "<group>"; };
		1DA99FD01C0B460A00576553 /* AppDelegate.m */ = {isa = PBXFileReference; lastKnownFileType = sourcecode.c.objc; name = AppDelegate.m; path = "Parse Object/AppDelegate.m"; sourceTree = "<group>"; };
		1DA99FD21C0B460A00576553 /* ViewController.h */ = {isa = PBXFileReference; lastKnownFileType = sourcecode.c.h; name = ViewController.h; path = "Parse Object/ViewController.h"; sourceTree = "<group>"; };
		1DA99FD31C0B460A00576553 /* ViewController.m */ = {isa = PBXFileReference; lastKnownFileType = sourcecode.c.objc; name = ViewController.m; path = "Parse Object/ViewController.m"; sourceTree = "<group>"; };
		1DA99FD61C0B460A00576553 /* Base */ = {isa = PBXFileReference; lastKnownFileType = file.storyboard; name = Base; path = Base.lproj/Main.storyboard; sourceTree = "<group>"; };
		1DA99FD91C0B460A00576553 /* Parse_Object.xcdatamodel */ = {isa = PBXFileReference; lastKnownFileType = wrapper.xcdatamodel; path = Parse_Object.xcdatamodel; sourceTree = "<group>"; };
		1DA99FDB1C0B460B00576553 /* Assets.xcassets */ = {isa = PBXFileReference; lastKnownFileType = folder.assetcatalog; path = Assets.xcassets; sourceTree = "<group>"; };
		1DA99FDE1C0B460B00576553 /* Base */ = {isa = PBXFileReference; lastKnownFileType = file.storyboard; name = Base; path = Base.lproj/LaunchScreen.storyboard; sourceTree = "<group>"; };
		1DA99FE01C0B460B00576553 /* Info.plist */ = {isa = PBXFileReference; lastKnownFileType = text.plist.xml; path = Info.plist; sourceTree = "<group>"; };
		1DA99FEC1C0B489D00576553 /* Declarations.h */ = {isa = PBXFileReference; fileEncoding = 4; lastKnownFileType = sourcecode.c.h; path = Declarations.h; sourceTree = "<group>"; };
		1DA99FED1C0B489D00576553 /* Declarations.m */ = {isa = PBXFileReference; fileEncoding = 4; lastKnownFileType = sourcecode.c.objc; path = Declarations.m; sourceTree = "<group>"; };
		1DA99FF31C0B48F400576553 /* OCMapperConfig.h */ = {isa = PBXFileReference; fileEncoding = 4; lastKnownFileType = sourcecode.c.h; path = OCMapperConfig.h; sourceTree = "<group>"; };
		1DA99FF41C0B48F400576553 /* OCMapperConfig.m */ = {isa = PBXFileReference; fileEncoding = 4; lastKnownFileType = sourcecode.c.objc; path = OCMapperConfig.m; sourceTree = "<group>"; };
		1DA99FF61C0B492B00576553 /* WebServices.h */ = {isa = PBXFileReference; fileEncoding = 4; lastKnownFileType = sourcecode.c.h; path = WebServices.h; sourceTree = "<group>"; };
		1DA99FF71C0B492B00576553 /* WebServices.m */ = {isa = PBXFileReference; fileEncoding = 4; lastKnownFileType = sourcecode.c.objc; path = WebServices.m; sourceTree = "<group>"; };
/* End PBXFileReference section */

/* Begin PBXFrameworksBuildPhase section */
		1DA99FC61C0B460A00576553 /* Frameworks */ = {
			isa = PBXFrameworksBuildPhase;
			buildActionMask = 2147483647;
			files = (
			);
			runOnlyForDeploymentPostprocessing = 0;
		};
/* End PBXFrameworksBuildPhase section */

/* Begin PBXGroup section */
		1D5D4D601C4237B9007AE366 /* json */ = {
			isa = PBXGroup;
			children = (
				1D5D4D611C4237B9007AE366 /* NSObject+SBJson.h */,
				1D5D4D621C4237B9007AE366 /* NSObject+SBJson.m */,
				1D5D4D631C4237B9007AE366 /* SBJson.h */,
				1D5D4D641C4237B9007AE366 /* SBJsonParser.h */,
				1D5D4D651C4237B9007AE366 /* SBJsonParser.m */,
				1D5D4D661C4237B9007AE366 /* SBJsonStreamParser.h */,
				1D5D4D671C4237B9007AE366 /* SBJsonStreamParser.m */,
				1D5D4D681C4237B9007AE366 /* SBJsonStreamParserAccumulator.h */,
				1D5D4D691C4237B9007AE366 /* SBJsonStreamParserAccumulator.m */,
				1D5D4D6A1C4237B9007AE366 /* SBJsonStreamParserAdapter.h */,
				1D5D4D6B1C4237B9007AE366 /* SBJsonStreamParserAdapter.m */,
				1D5D4D6C1C4237B9007AE366 /* SBJsonStreamParserState.h */,
				1D5D4D6D1C4237B9007AE366 /* SBJsonStreamParserState.m */,
				1D5D4D6E1C4237B9007AE366 /* SBJsonStreamWriter.h */,
				1D5D4D6F1C4237B9007AE366 /* SBJsonStreamWriter.m */,
				1D5D4D701C4237B9007AE366 /* SBJsonStreamWriterAccumulator.h */,
				1D5D4D711C4237B9007AE366 /* SBJsonStreamWriterAccumulator.m */,
				1D5D4D721C4237B9007AE366 /* SBJsonStreamWriterState.h */,
				1D5D4D731C4237B9007AE366 /* SBJsonStreamWriterState.m */,
				1D5D4D741C4237B9007AE366 /* SBJsonTokeniser.h */,
				1D5D4D751C4237B9007AE366 /* SBJsonTokeniser.m */,
				1D5D4D761C4237B9007AE366 /* SBJsonUTF8Stream.h */,
				1D5D4D771C4237B9007AE366 /* SBJsonUTF8Stream.m */,
				1D5D4D781C4237B9007AE366 /* SBJsonWriter.h */,
				1D5D4D791C4237B9007AE366 /* SBJsonWriter.m */,
			);
			path = json;
			sourceTree = "<group>";
		};
		1D5D4D7A1C4237B9007AE366 /* ocmapper */ = {
			isa = PBXGroup;
			children = (
				1D5D4D7B1C4237B9007AE366 /* Categories */,
				1D5D4D801C4237B9007AE366 /* Instance Provider */,
				1D5D4D861C4237B9007AE366 /* Logging Provider */,
				1D5D4D8A1C4237B9007AE366 /* Mapping Provider */,
				1D5D4D8F1C4237B9007AE366 /* ObjectMapper.h */,
				1D5D4D901C4237B9007AE366 /* ObjectMapper.m */,
				1D5D4D911C4237B9007AE366 /* ObjectMappingInfo.h */,
				1D5D4D921C4237B9007AE366 /* ObjectMappingInfo.m */,
				1D5D4D931C4237B9007AE366 /* OCMapper.h */,
			);
			path = ocmapper;
			sourceTree = "<group>";
		};
		1D5D4D7B1C4237B9007AE366 /* Categories */ = {
			isa = PBXGroup;
			children = (
				1D5D4D7C1C4237B9007AE366 /* NSDictionary+ObjectMapper.h */,
				1D5D4D7D1C4237B9007AE366 /* NSDictionary+ObjectMapper.m */,
				1D5D4D7E1C4237B9007AE366 /* NSObject+ObjectMapper.h */,
				1D5D4D7F1C4237B9007AE366 /* NSObject+ObjectMapper.m */,
			);
			path = Categories;
			sourceTree = "<group>";
		};
		1D5D4D801C4237B9007AE366 /* Instance Provider */ = {
			isa = PBXGroup;
			children = (
				1D5D4D811C4237B9007AE366 /* InstanceProvider.h */,
				1D5D4D821C4237B9007AE366 /* ManagedObjectInstanceProvider.h */,
				1D5D4D831C4237B9007AE366 /* ManagedObjectInstanceProvider.m */,
				1D5D4D841C4237B9007AE366 /* ObjectInstanceProvider.h */,
				1D5D4D851C4237B9007AE366 /* ObjectInstanceProvider.m */,
			);
			path = "Instance Provider";
			sourceTree = "<group>";
		};
		1D5D4D861C4237B9007AE366 /* Logging Provider */ = {
			isa = PBXGroup;
			children = (
				1D5D4D871C4237B9007AE366 /* CommonLoggingProvider.h */,
				1D5D4D881C4237B9007AE366 /* CommonLoggingProvider.m */,
				1D5D4D891C4237B9007AE366 /* LoggingProvider.h */,
			);
			path = "Logging Provider";
			sourceTree = "<group>";
		};
		1D5D4D8A1C4237B9007AE366 /* Mapping Provider */ = {
			isa = PBXGroup;
			children = (
				1D5D4D8B1C4237B9007AE366 /* In Code Mapping */,
				1D5D4D8E1C4237B9007AE366 /* MappingProvider.h */,
			);
			path = "Mapping Provider";
			sourceTree = "<group>";
		};
		1D5D4D8B1C4237B9007AE366 /* In Code Mapping */ = {
			isa = PBXGroup;
			children = (
				1D5D4D8C1C4237B9007AE366 /* InCodeMappingProvider.h */,
				1D5D4D8D1C4237B9007AE366 /* InCodeMappingProvider.m */,
			);
			path = "In Code Mapping";
			sourceTree = "<group>";
		};
		1D5D4DA81C4239B0007AE366 /* Models */ = {
			isa = PBXGroup;
			children = (
				1D5D4DAC1C425C0D007AE366 /* General */,
			);
			name = Models;
			sourceTree = "<group>";
		};
		1D5D4DAC1C425C0D007AE366 /* General */ = {
			isa = PBXGroup;
			children = (
				1D5D4DAD1C425CF4007AE366 /* ObjectResponse.h */,
				1D5D4DAE1C425CF4007AE366 /* ObjectResponse.m */,
			);
			name = General;
			sourceTree = "<group>";
		};
		1DA99FC01C0B460A00576553 = {
			isa = PBXGroup;
			children = (
				1DA99FCB1C0B460A00576553 /* Parse Object */,
				1DA99FCA1C0B460A00576553 /* Products */,
			);
			sourceTree = "<group>";
		};
		1DA99FCA1C0B460A00576553 /* Products */ = {
			isa = PBXGroup;
			children = (
				1DA99FC91C0B460A00576553 /* Parse Object.app */,
			);
			name = Products;
			sourceTree = "<group>";
		};
		1DA99FCB1C0B460A00576553 /* Parse Object */ = {
			isa = PBXGroup;
			children = (
				1DA99FE61C0B465500576553 /* Main */,
				1DA99FE81C0B47D400576553 /* Clases */,
				1DA99FE71C0B465F00576553 /* Controllers */,
				1D5D4DA81C4239B0007AE366 /* Models */,
				1DA99FD51C0B460A00576553 /* Main.storyboard */,
				1DA99FDB1C0B460B00576553 /* Assets.xcassets */,
				1DA99FDD1C0B460B00576553 /* LaunchScreen.storyboard */,
				1DA99FE01C0B460B00576553 /* Info.plist */,
				1DA99FD81C0B460A00576553 /* Parse_Object.xcdatamodeld */,
				1DA99FCC1C0B460A00576553 /* Supporting Files */,
			);
			path = "Parse Object";
			sourceTree = "<group>";
		};
		1DA99FCC1C0B460A00576553 /* Supporting Files */ = {
			isa = PBXGroup;
			children = (
				1DA99FCD1C0B460A00576553 /* main.m */,
			);
			name = "Supporting Files";
			sourceTree = "<group>";
		};
		1DA99FE61C0B465500576553 /* Main */ = {
			isa = PBXGroup;
			children = (
				1DA99FCF1C0B460A00576553 /* AppDelegate.h */,
				1DA99FD01C0B460A00576553 /* AppDelegate.m */,
				1DA99FEC1C0B489D00576553 /* Declarations.h */,
				1DA99FED1C0B489D00576553 /* Declarations.m */,
				1DA99FF31C0B48F400576553 /* OCMapperConfig.h */,
				1DA99FF41C0B48F400576553 /* OCMapperConfig.m */,
				1DA99FF61C0B492B00576553 /* WebServices.h */,
				1DA99FF71C0B492B00576553 /* WebServices.m */,
				1D5D4DA91C423B02007AE366 /* Parser.h */,
				1D5D4DAA1C423B03007AE366 /* Parser.m */,
			);
			name = Main;
			path = ..;
			sourceTree = "<group>";
		};
		1DA99FE71C0B465F00576553 /* Controllers */ = {
			isa = PBXGroup;
			children = (
				1DA99FD21C0B460A00576553 /* ViewController.h */,
				1DA99FD31C0B460A00576553 /* ViewController.m */,
			);
			name = Controllers;
			path = ..;
			sourceTree = "<group>";
		};
		1DA99FE81C0B47D400576553 /* Clases */ = {
			isa = PBXGroup;
			children = (
				1D5D4D601C4237B9007AE366 /* json */,
				1D5D4D7A1C4237B9007AE366 /* ocmapper */,
			);
			name = Clases;
			sourceTree = "<group>";
		};
/* End PBXGroup section */

/* Begin PBXNativeTarget section */
		1DA99FC81C0B460A00576553 /* Parse Object */ = {
			isa = PBXNativeTarget;
			buildConfigurationList = 1DA99FE31C0B460B00576553 /* Build configuration list for PBXNativeTarget "Parse Object" */;
			buildPhases = (
				1DA99FC51C0B460A00576553 /* Sources */,
				1DA99FC61C0B460A00576553 /* Frameworks */,
				1DA99FC71C0B460A00576553 /* Resources */,
			);
			buildRules = (
			);
			dependencies = (
			);
			name = "Parse Object";
			productName = "Parse Object";
			productReference = 1DA99FC91C0B460A00576553 /* Parse Object.app */;
			productType = "com.apple.product-type.application";
		};
/* End PBXNativeTarget section */

/* Begin PBXProject section */
		1DA99FC11C0B460A00576553 /* Project object */ = {
			isa = PBXProject;
			attributes = {
				LastUpgradeCheck = 0710;
				ORGANIZATIONNAME = Comercomp;
				TargetAttributes = {
					1DA99FC81C0B460A00576553 = {
						CreatedOnToolsVersion = 7.1.1;
					};
				};
			};
			buildConfigurationList = 1DA99FC41C0B460A00576553 /* Build configuration list for PBXProject "Parse Object" */;
			compatibilityVersion = "Xcode 3.2";
			developmentRegion = English;
			hasScannedForEncodings = 0;
			knownRegions = (
				en,
				Base,
			);
			mainGroup = 1DA99FC01C0B460A00576553;
			productRefGroup = 1DA99FCA1C0B460A00576553 /* Products */;
			projectDirPath = "";
			projectRoot = "";
			targets = (
				1DA99FC81C0B460A00576553 /* Parse Object */,
			);
		};
/* End PBXProject section */

/* Begin PBXResourcesBuildPhase section */
		1DA99FC71C0B460A00576553 /* Resources */ = {
			isa = PBXResourcesBuildPhase;
			buildActionMask = 2147483647;
			files = (
				1DA99FDF1C0B460B00576553 /* LaunchScreen.storyboard in Resources */,
				1DA99FDC1C0B460B00576553 /* Assets.xcassets in Resources */,
				1DA99FD71C0B460A00576553 /* Main.storyboard in Resources */,
			);
			runOnlyForDeploymentPostprocessing = 0;
		};
/* End PBXResourcesBuildPhase section */

/* Begin PBXSourcesBuildPhase section */
		1DA99FC51C0B460A00576553 /* Sources */ = {
			isa = PBXSourcesBuildPhase;
			buildActionMask = 2147483647;
			files = (
				1D5D4D9D1C4237B9007AE366 /* SBJsonTokeniser.m in Sources */,
				1D5D4DA51C4237B9007AE366 /* InCodeMappingProvider.m in Sources */,
				1DA99FF51C0B48F400576553 /* OCMapperConfig.m in Sources */,
				1DA99FF81C0B492B00576553 /* WebServices.m in Sources */,
				1D5D4D991C4237B9007AE366 /* SBJsonStreamParserState.m in Sources */,
				1D5D4DA01C4237B9007AE366 /* NSDictionary+ObjectMapper.m in Sources */,
				1DA99FD41C0B460A00576553 /* ViewController.m in Sources */,
				1DA99FD11C0B460A00576553 /* AppDelegate.m in Sources */,
				1DA99FDA1C0B460B00576553 /* Parse_Object.xcdatamodeld in Sources */,
				1D5D4D9F1C4237B9007AE366 /* SBJsonWriter.m in Sources */,
				1DA99FCE1C0B460A00576553 /* main.m in Sources */,
				1D5D4D971C4237B9007AE366 /* SBJsonStreamParserAccumulator.m in Sources */,
				1D5D4DAB1C423B03007AE366 /* Parser.m in Sources */,
				1D5D4D951C4237B9007AE366 /* SBJsonParser.m in Sources */,
				1D5D4D941C4237B9007AE366 /* NSObject+SBJson.m in Sources */,
				1D5D4D9E1C4237B9007AE366 /* SBJsonUTF8Stream.m in Sources */,
				1D5D4DA21C4237B9007AE366 /* ManagedObjectInstanceProvider.m in Sources */,
				1DA99FEE1C0B489D00576553 /* Declarations.m in Sources */,
				1D5D4D9B1C4237B9007AE366 /* SBJsonStreamWriterAccumulator.m in Sources */,
				1D5D4D9A1C4237B9007AE366 /* SBJsonStreamWriter.m in Sources */,
				1D5D4D9C1C4237B9007AE366 /* SBJsonStreamWriterState.m in Sources */,
				1D5D4DA31C4237B9007AE366 /* ObjectInstanceProvider.m in Sources */,
				1D5D4DA71C4237B9007AE366 /* ObjectMappingInfo.m in Sources */,
				1D5D4DA61C4237B9007AE366 /* ObjectMapper.m in Sources */,
				1D5D4DA11C4237B9007AE366 /* NSObject+ObjectMapper.m in Sources */,
				1D5D4DA41C4237B9007AE366 /* CommonLoggingProvider.m in Sources */,
				1D5D4D961C4237B9007AE366 /* SBJsonStreamParser.m in Sources */,
				1D5D4DAF1C425CF4007AE366 /* ObjectResponse.m in Sources */,
				1D5D4D981C4237B9007AE366 /* SBJsonStreamParserAdapter.m in Sources */,
			);
			runOnlyForDeploymentPostprocessing = 0;
		};
/* End PBXSourcesBuildPhase section */

/* Begin PBXVariantGroup section */
		1DA99FD51C0B460A00576553 /* Main.storyboard */ = {
			isa = PBXVariantGroup;
			children = (
				1DA99FD61C0B460A00576553 /* Base */,
			);
			name = Main.storyboard;
			sourceTree = "<group>";
		};
		1DA99FDD1C0B460B00576553 /* LaunchScreen.storyboard */ = {
			isa = PBXVariantGroup;
			children = (
				1DA99FDE1C0B460B00576553 /* Base */,
			);
			name = LaunchScreen.storyboard;
			sourceTree = "<group>";
		};
/* End PBXVariantGroup section */

/* Begin XCBuildConfiguration section */
		1DA99FE11C0B460B00576553 /* Debug */ = {
			isa = XCBuildConfiguration;
			buildSettings = {
				ALWAYS_SEARCH_USER_PATHS = NO;
				CLANG_CXX_LANGUAGE_STANDARD = "gnu++0x";
				CLANG_CXX_LIBRARY = "libc++";
				CLANG_ENABLE_MODULES = YES;
				CLANG_ENABLE_OBJC_ARC = YES;
				CLANG_WARN_BOOL_CONVERSION = YES;
				CLANG_WARN_CONSTANT_CONVERSION = YES;
				CLANG_WARN_DIRECT_OBJC_ISA_USAGE = YES_ERROR;
				CLANG_WARN_EMPTY_BODY = YES;
				CLANG_WARN_ENUM_CONVERSION = YES;
				CLANG_WARN_INT_CONVERSION = YES;
				CLANG_WARN_OBJC_ROOT_CLASS = YES_ERROR;
				CLANG_WARN_UNREACHABLE_CODE = YES;
				CLANG_WARN__DUPLICATE_METHOD_MATCH = YES;
				"CODE_SIGN_IDENTITY[sdk=iphoneos*]" = "iPhone Developer";
				COPY_PHASE_STRIP = NO;
				DEBUG_INFORMATION_FORMAT = dwarf;
				ENABLE_STRICT_OBJC_MSGSEND = YES;
				ENABLE_TESTABILITY = YES;
				GCC_C_LANGUAGE_STANDARD = gnu99;
				GCC_DYNAMIC_NO_PIC = NO;
				GCC_NO_COMMON_BLOCKS = YES;
				GCC_OPTIMIZATION_LEVEL = 0;
				GCC_PREPROCESSOR_DEFINITIONS = (
					"DEBUG=1",
					"$(inherited)",
				);
				GCC_WARN_64_TO_32_BIT_CONVERSION = YES;
				GCC_WARN_ABOUT_RETURN_TYPE = YES_ERROR;
				GCC_WARN_UNDECLARED_SELECTOR = YES;
				GCC_WARN_UNINITIALIZED_AUTOS = YES_AGGRESSIVE;
				GCC_WARN_UNUSED_FUNCTION = YES;
				GCC_WARN_UNUSED_VARIABLE = YES;
				IPHONEOS_DEPLOYMENT_TARGET = 9.1;
				MTL_ENABLE_DEBUG_INFO = YES;
				ONLY_ACTIVE_ARCH = YES;
				SDKROOT = iphoneos;
			};
			name = Debug;
		};
		1DA99FE21C0B460B00576553 /* Release */ = {
			isa = XCBuildConfiguration;
			buildSettings = {
				ALWAYS_SEARCH_USER_PATHS = NO;
				CLANG_CXX_LANGUAGE_STANDARD = "gnu++0x";
				CLANG_CXX_LIBRARY = "libc++";
				CLANG_ENABLE_MODULES = YES;
				CLANG_ENABLE_OBJC_ARC = YES;
				CLANG_WARN_BOOL_CONVERSION = YES;
				CLANG_WARN_CONSTANT_CONVERSION = YES;
				CLANG_WARN_DIRECT_OBJC_ISA_USAGE = YES_ERROR;
				CLANG_WARN_EMPTY_BODY = YES;
				CLANG_WARN_ENUM_CONVERSION = YES;
				CLANG_WARN_INT_CONVERSION = YES;
				CLANG_WARN_OBJC_ROOT_CLASS = YES_ERROR;
				CLANG_WARN_UNREACHABLE_CODE = YES;
				CLANG_WARN__DUPLICATE_METHOD_MATCH = YES;
				"CODE_SIGN_IDENTITY[sdk=iphoneos*]" = "iPhone Developer";
				COPY_PHASE_STRIP = NO;
				DEBUG_INFORMATION_FORMAT = "dwarf-with-dsym";
				ENABLE_NS_ASSERTIONS = NO;
				ENABLE_STRICT_OBJC_MSGSEND = YES;
				GCC_C_LANGUAGE_STANDARD = gnu99;
				GCC_NO_COMMON_BLOCKS = YES;
				GCC_WARN_64_TO_32_BIT_CONVERSION = YES;
				GCC_WARN_ABOUT_RETURN_TYPE = YES_ERROR;
				GCC_WARN_UNDECLARED_SELECTOR = YES;
				GCC_WARN_UNINITIALIZED_AUTOS = YES_AGGRESSIVE;
				GCC_WARN_UNUSED_FUNCTION = YES;
				GCC_WARN_UNUSED_VARIABLE = YES;
				IPHONEOS_DEPLOYMENT_TARGET = 9.1;
				MTL_ENABLE_DEBUG_INFO = NO;
				SDKROOT = iphoneos;
				VALIDATE_PRODUCT = YES;
			};
			name = Release;
		};
		1DA99FE41C0B460B00576553 /* Debug */ = {
			isa = XCBuildConfiguration;
			buildSettings = {
				ASSETCATALOG_COMPILER_APPICON_NAME = AppIcon;
				INFOPLIST_FILE = "Parse Object/Info.plist";
				LD_RUNPATH_SEARCH_PATHS = "$(inherited) @executable_path/Frameworks";
				PRODUCT_BUNDLE_IDENTIFIER = "com.comercomp.Parse-Object";
				PRODUCT_NAME = "$(TARGET_NAME)";
			};
			name = Debug;
		};
		1DA99FE51C0B460B00576553 /* Release */ = {
			isa = XCBuildConfiguration;
			buildSettings = {
				ASSETCATALOG_COMPILER_APPICON_NAME = AppIcon;
				INFOPLIST_FILE = "Parse Object/Info.plist";
				LD_RUNPATH_SEARCH_PATHS = "$(inherited) @executable_path/Frameworks";
				PRODUCT_BUNDLE_IDENTIFIER = "com.comercomp.Parse-Object";
				PRODUCT_NAME = "$(TARGET_NAME)";
			};
			name = Release;
		};
/* End XCBuildConfiguration section */

/* Begin XCConfigurationList section */
		1DA99FC41C0B460A00576553 /* Build configuration list for PBXProject "Parse Object" */ = {
			isa = XCConfigurationList;
			buildConfigurations = (
				1DA99FE11C0B460B00576553 /* Debug */,
				1DA99FE21C0B460B00576553 /* Release */,
			);
			defaultConfigurationIsVisible = 0;
			defaultConfigurationName = Release;
		};
		1DA99FE31C0B460B00576553 /* Build configuration list for PBXNativeTarget "Parse Object" */ = {
			isa = XCConfigurationList;
			buildConfigurations = (
				1DA99FE41C0B460B00576553 /* Debug */,
				1DA99FE51C0B460B00576553 /* Release */,
			);
			defaultConfigurationIsVisible = 0;
			defaultConfigurationName = Release;
		};
/* End XCConfigurationList section */

/* Begin XCVersionGroup section */
		1DA99FD81C0B460A00576553 /* Parse_Object.xcdatamodeld */ = {
			isa = XCVersionGroup;
			children = (
				1DA99FD91C0B460A00576553 /* Parse_Object.xcdatamodel */,
			);
			currentVersion = 1DA99FD91C0B460A00576553 /* Parse_Object.xcdatamodel */;
			path = Parse_Object.xcdatamodeld;
			sourceTree = "<group>";
			versionGroupType = wrapper.xcdatamodel;
		};
/* End XCVersionGroup section */
	};
	rootObject = 1DA99FC11C0B460A00576553 /* Project object */;
}
