// !$*UTF8*$!
{
	archiveVersion = 1;
	classes = {
	};
	objectVersion = 46;
	objects = {

/* Begin PBXBuildFile section */
		1DA99FCE1C0B460A00576553 /* main.m in Sources */ = {isa = PBXBuildFile; fileRef = 1DA99FCD1C0B460A00576553 /* main.m */; };
		1DA99FD11C0B460A00576553 /* AppDelegate.m in Sources */ = {isa = PBXBuildFile; fileRef = 1DA99FD01C0B460A00576553 /* AppDelegate.m */; };
		1DA99FD41C0B460A00576553 /* ViewController.m in Sources */ = {isa = PBXBuildFile; fileRef = 1DA99FD31C0B460A00576553 /* ViewController.m */; };
		1DA99FD71C0B460A00576553 /* Main.storyboard in Resources */ = {isa = PBXBuildFile; fileRef = 1DA99FD51C0B460A00576553 /* Main.storyboard */; };
		1DA99FDA1C0B460B00576553 /* Parse_Object.xcdatamodeld in Sources */ = {isa = PBXBuildFile; fileRef = 1DA99FD81C0B460A00576553 /* Parse_Object.xcdatamodeld */; };
		1DA99FDC1C0B460B00576553 /* Assets.xcassets in Resources */ = {isa = PBXBuildFile; fileRef = 1DA99FDB1C0B460B00576553 /* Assets.xcassets */; };
		1DA99FDF1C0B460B00576553 /* LaunchScreen.storyboard in Resources */ = {isa = PBXBuildFile; fileRef = 1DA99FDD1C0B460B00576553 /* LaunchScreen.storyboard */; };
		1DA99FEE1C0B489D00576553 /* Declarations.m in Sources */ = {isa = PBXBuildFile; fileRef = 1DA99FED1C0B489D00576553 /* Declarations.m */; };
		1DA99FF51C0B48F400576553 /* OCMapperConfig.m in Sources */ = {isa = PBXBuildFile; fileRef = 1DA99FF41C0B48F400576553 /* OCMapperConfig.m */; };
		1DA99FF81C0B492B00576553 /* WebServices.m in Sources */ = {isa = PBXBuildFile; fileRef = 1DA99FF71C0B492B00576553 /* WebServices.m */; };
/* End PBXBuildFile section */

/* Begin PBXFileReference section */
		1DA99FC91C0B460A00576553 /* Parse Object.app */ = {isa = PBXFileReference; explicitFileType = wrapper.application; includeInIndex = 0; path = "Parse Object.app"; sourceTree = BUILT_PRODUCTS_DIR; };
		1DA99FCD1C0B460A00576553 /* main.m */ = {isa = PBXFileReference; lastKnownFileType = sourcecode.c.objc; path = main.m; sourceTree = "<group>"; };
		1DA99FCF1C0B460A00576553 /* AppDelegate.h */ = {isa = PBXFileReference; lastKnownFileType = sourcecode.c.h; name = AppDelegate.h; path = "Parse Object/AppDelegate.h"; sourceTree = "<group>"; };
		1DA99FD01C0B460A00576553 /* AppDelegate.m */ = {isa = PBXFileReference; lastKnownFileType = sourcecode.c.objc; name = AppDelegate.m; path = "Parse Object/AppDelegate.m"; sourceTree = "<group>"; };
		1DA99FD21C0B460A00576553 /* ViewController.h */ = {isa = PBXFileReference; lastKnownFileType = sourcecode.c.h; name = ViewController.h; path = "Parse Object/ViewController.h"; sourceTree = "<group>"; };
		1DA99FD31C0B460A00576553 /* ViewController.m */ = {isa = PBXFileReference; lastKnownFileType = sourcecode.c.objc; name = ViewController.m; path = "Parse Object/ViewController.m"; sourceTree = "<group>"; };
		1DA99FD61C0B460A00576553 /* Base */ = {isa = PBXFileReference; lastKnownFileType = file.storyboard; name = Base; path = Base.lproj/Main.storyboard; sourceTree = "<group>"; };
		1DA99FD91C0B460A00576553 /* Parse_Object.xcdatamodel */ = {isa = PBXFileReference; lastKnownFileType = wrapper.xcdatamodel; path = Parse_Object.xcdatamodel; sourceTree = "<group>"; };
		1DA99FDB1C0B460B00576553 /* Assets.xcassets */ = {isa = PBXFileReference; lastKnownFileType = folder.assetcatalog; path = Assets.xcassets; sourceTree = "<group>"; };
		1DA99FDE1C0B460B00576553 /* Base */ = {isa = PBXFileReference; lastKnownFileType = file.storyboard; name = Base; path = Base.lproj/LaunchScreen.storyboard; sourceTree = "<group>"; };
		1DA99FE01C0B460B00576553 /* Info.plist */ = {isa = PBXFileReference; lastKnownFileType = text.plist.xml; path = Info.plist; sourceTree = "<group>"; };
		1DA99FEC1C0B489D00576553 /* Declarations.h */ = {isa = PBXFileReference; fileEncoding = 4; lastKnownFileType = sourcecode.c.h; path = Declarations.h; sourceTree = "<group>"; };
		1DA99FED1C0B489D00576553 /* Declarations.m */ = {isa = PBXFileReference; fileEncoding = 4; lastKnownFileType = sourcecode.c.objc; path = Declarations.m; sourceTree = "<group>"; };
		1DA99FF31C0B48F400576553 /* OCMapperConfig.h */ = {isa = PBXFileReference; fileEncoding = 4; lastKnownFileType = sourcecode.c.h; path = OCMapperConfig.h; sourceTree = "<group>"; };
		1DA99FF41C0B48F400576553 /* OCMapperConfig.m */ = {isa = PBXFileReference; fileEncoding = 4; lastKnownFileType = sourcecode.c.objc; path = OCMapperConfig.m; sourceTree = "<group>"; };
		1DA99FF61C0B492B00576553 /* WebServices.h */ = {isa = PBXFileReference; fileEncoding = 4; lastKnownFileType = sourcecode.c.h; path = WebServices.h; sourceTree = "<group>"; };
		1DA99FF71C0B492B00576553 /* WebServices.m */ = {isa = PBXFileReference; fileEncoding = 4; lastKnownFileType = sourcecode.c.objc; path = WebServices.m; sourceTree = "<group>"; };
/* End PBXFileReference section */

/* Begin PBXFrameworksBuildPhase section */
		1DA99FC61C0B460A00576553 /* Frameworks */ = {
			isa = PBXFrameworksBuildPhase;
			buildActionMask = 2147483647;
			files = (
			);
			runOnlyForDeploymentPostprocessing = 0;
		};
/* End PBXFrameworksBuildPhase section */

/* Begin PBXGroup section */
		1DA99FC01C0B460A00576553 = {
			isa = PBXGroup;
			children = (
				1DA99FE71C0B465F00576553 /* Controllers */,
				1DA99FE61C0B465500576553 /* Main */,
				1DA99FCB1C0B460A00576553 /* Parse Object */,
				1DA99FCA1C0B460A00576553 /* Products */,
			);
			sourceTree = "<group>";
		};
		1DA99FCA1C0B460A00576553 /* Products */ = {
			isa = PBXGroup;
			children = (
				1DA99FC91C0B460A00576553 /* Parse Object.app */,
			);
			name = Products;
			sourceTree = "<group>";
		};
		1DA99FCB1C0B460A00576553 /* Parse Object */ = {
			isa = PBXGroup;
			children = (
				1DA99FEB1C0B484400576553 /* Models */,
				1DA99FE81C0B47D400576553 /* Clases */,
				1DA99FD51C0B460A00576553 /* Main.storyboard */,
				1DA99FDB1C0B460B00576553 /* Assets.xcassets */,
				1DA99FDD1C0B460B00576553 /* LaunchScreen.storyboard */,
				1DA99FE01C0B460B00576553 /* Info.plist */,
				1DA99FD81C0B460A00576553 /* Parse_Object.xcdatamodeld */,
				1DA99FCC1C0B460A00576553 /* Supporting Files */,
			);
			path = "Parse Object";
			sourceTree = "<group>";
		};
		1DA99FCC1C0B460A00576553 /* Supporting Files */ = {
			isa = PBXGroup;
			children = (
				1DA99FCD1C0B460A00576553 /* main.m */,
			);
			name = "Supporting Files";
			sourceTree = "<group>";
		};
		1DA99FE61C0B465500576553 /* Main */ = {
			isa = PBXGroup;
			children = (
				1DA99FCF1C0B460A00576553 /* AppDelegate.h */,
				1DA99FD01C0B460A00576553 /* AppDelegate.m */,
				1DA99FEC1C0B489D00576553 /* Declarations.h */,
				1DA99FED1C0B489D00576553 /* Declarations.m */,
				1DA99FF31C0B48F400576553 /* OCMapperConfig.h */,
				1DA99FF41C0B48F400576553 /* OCMapperConfig.m */,
				1DA99FF61C0B492B00576553 /* WebServices.h */,
				1DA99FF71C0B492B00576553 /* WebServices.m */,
			);
			name = Main;
			sourceTree = "<group>";
		};
		1DA99FE71C0B465F00576553 /* Controllers */ = {
			isa = PBXGroup;
			children = (
				1DA99FD21C0B460A00576553 /* ViewController.h */,
				1DA99FD31C0B460A00576553 /* ViewController.m */,
			);
			name = Controllers;
			sourceTree = "<group>";
		};
		1DA99FE81C0B47D400576553 /* Clases */ = {
			isa = PBXGroup;
			children = (
				1DA99FE91C0B47E100576553 /* Json */,
			);
			name = Clases;
			sourceTree = "<group>";
		};
		1DA99FE91C0B47E100576553 /* Json */ = {
			isa = PBXGroup;
			children = (
				1DA99FEA1C0B47F700576553 /* Ocmaper */,
			);
			name = Json;
			sourceTree = "<group>";
		};
		1DA99FEA1C0B47F700576553 /* Ocmaper */ = {
			isa = PBXGroup;
			children = (
			);
			name = Ocmaper;
			sourceTree = "<group>";
		};
		1DA99FEB1C0B484400576553 /* Models */ = {
			isa = PBXGroup;
			children = (
			);
			name = Models;
			sourceTree = "<group>";
		};
/* End PBXGroup section */

/* Begin PBXNativeTarget section */
		1DA99FC81C0B460A00576553 /* Parse Object */ = {
			isa = PBXNativeTarget;
			buildConfigurationList = 1DA99FE31C0B460B00576553 /* Build configuration list for PBXNativeTarget "Parse Object" */;
			buildPhases = (
				1DA99FC51C0B460A00576553 /* Sources */,
				1DA99FC61C0B460A00576553 /* Frameworks */,
				1DA99FC71C0B460A00576553 /* Resources */,
			);
			buildRules = (
			);
			dependencies = (
			);
			name = "Parse Object";
			productName = "Parse Object";
			productReference = 1DA99FC91C0B460A00576553 /* Parse Object.app */;
			productType = "com.apple.product-type.application";
		};
/* End PBXNativeTarget section */

/* Begin PBXProject section */
		1DA99FC11C0B460A00576553 /* Project object */ = {
			isa = PBXProject;
			attributes = {
				LastUpgradeCheck = 0710;
				ORGANIZATIONNAME = Comercomp;
				TargetAttributes = {
					1DA99FC81C0B460A00576553 = {
						CreatedOnToolsVersion = 7.1.1;
					};
				};
			};
			buildConfigurationList = 1DA99FC41C0B460A00576553 /* Build configuration list for PBXProject "Parse Object" */;
			compatibilityVersion = "Xcode 3.2";
			developmentRegion = English;
			hasScannedForEncodings = 0;
			knownRegions = (
				en,
				Base,
			);
			mainGroup = 1DA99FC01C0B460A00576553;
			productRefGroup = 1DA99FCA1C0B460A00576553 /* Products */;
			projectDirPath = "";
			projectRoot = "";
			targets = (
				1DA99FC81C0B460A00576553 /* Parse Object */,
			);
		};
/* End PBXProject section */

/* Begin PBXResourcesBuildPhase section */
		1DA99FC71C0B460A00576553 /* Resources */ = {
			isa = PBXResourcesBuildPhase;
			buildActionMask = 2147483647;
			files = (
				1DA99FDF1C0B460B00576553 /* LaunchScreen.storyboard in Resources */,
				1DA99FDC1C0B460B00576553 /* Assets.xcassets in Resources */,
				1DA99FD71C0B460A00576553 /* Main.storyboard in Resources */,
			);
			runOnlyForDeploymentPostprocessing = 0;
		};
/* End PBXResourcesBuildPhase section */

/* Begin PBXSourcesBuildPhase section */
		1DA99FC51C0B460A00576553 /* Sources */ = {
			isa = PBXSourcesBuildPhase;
			buildActionMask = 2147483647;
			files = (
				1DA99FF51C0B48F400576553 /* OCMapperConfig.m in Sources */,
				1DA99FF81C0B492B00576553 /* WebServices.m in Sources */,
				1DA99FD41C0B460A00576553 /* ViewController.m in Sources */,
				1DA99FD11C0B460A00576553 /* AppDelegate.m in Sources */,
				1DA99FDA1C0B460B00576553 /* Parse_Object.xcdatamodeld in Sources */,
				1DA99FCE1C0B460A00576553 /* main.m in Sources */,
				1DA99FEE1C0B489D00576553 /* Declarations.m in Sources */,
			);
			runOnlyForDeploymentPostprocessing = 0;
		};
/* End PBXSourcesBuildPhase section */

/* Begin PBXVariantGroup section */
		1DA99FD51C0B460A00576553 /* Main.storyboard */ = {
			isa = PBXVariantGroup;
			children = (
				1DA99FD61C0B460A00576553 /* Base */,
			);
			name = Main.storyboard;
			sourceTree = "<group>";
		};
		1DA99FDD1C0B460B00576553 /* LaunchScreen.storyboard */ = {
			isa = PBXVariantGroup;
			children = (
				1DA99FDE1C0B460B00576553 /* Base */,
			);
			name = LaunchScreen.storyboard;
			sourceTree = "<group>";
		};
/* End PBXVariantGroup section */

/* Begin XCBuildConfiguration section */
		1DA99FE11C0B460B00576553 /* Debug */ = {
			isa = XCBuildConfiguration;
			buildSettings = {
				ALWAYS_SEARCH_USER_PATHS = NO;
				CLANG_CXX_LANGUAGE_STANDARD = "gnu++0x";
				CLANG_CXX_LIBRARY = "libc++";
				CLANG_ENABLE_MODULES = YES;
				CLANG_ENABLE_OBJC_ARC = YES;
				CLANG_WARN_BOOL_CONVERSION = YES;
				CLANG_WARN_CONSTANT_CONVERSION = YES;
				CLANG_WARN_DIRECT_OBJC_ISA_USAGE = YES_ERROR;
				CLANG_WARN_EMPTY_BODY = YES;
				CLANG_WARN_ENUM_CONVERSION = YES;
				CLANG_WARN_INT_CONVERSION = YES;
				CLANG_WARN_OBJC_ROOT_CLASS = YES_ERROR;
				CLANG_WARN_UNREACHABLE_CODE = YES;
				CLANG_WARN__DUPLICATE_METHOD_MATCH = YES;
				"CODE_SIGN_IDENTITY[sdk=iphoneos*]" = "iPhone Developer";
				COPY_PHASE_STRIP = NO;
				DEBUG_INFORMATION_FORMAT = dwarf;
				ENABLE_STRICT_OBJC_MSGSEND = YES;
				ENABLE_TESTABILITY = YES;
				GCC_C_LANGUAGE_STANDARD = gnu99;
				GCC_DYNAMIC_NO_PIC = NO;
				GCC_NO_COMMON_BLOCKS = YES;
				GCC_OPTIMIZATION_LEVEL = 0;
				GCC_PREPROCESSOR_DEFINITIONS = (
					"DEBUG=1",
					"$(inherited)",
				);
				GCC_WARN_64_TO_32_BIT_CONVERSION = YES;
				GCC_WARN_ABOUT_RETURN_TYPE = YES_ERROR;
				GCC_WARN_UNDECLARED_SELECTOR = YES;
				GCC_WARN_UNINITIALIZED_AUTOS = YES_AGGRESSIVE;
				GCC_WARN_UNUSED_FUNCTION = YES;
				GCC_WARN_UNUSED_VARIABLE = YES;
				IPHONEOS_DEPLOYMENT_TARGET = 9.1;
				MTL_ENABLE_DEBUG_INFO = YES;
				ONLY_ACTIVE_ARCH = YES;
				SDKROOT = iphoneos;
			};
			name = Debug;
		};
		1DA99FE21C0B460B00576553 /* Release */ = {
			isa = XCBuildConfiguration;
			buildSettings = {
				ALWAYS_SEARCH_USER_PATHS = NO;
				CLANG_CXX_LANGUAGE_STANDARD = "gnu++0x";
				CLANG_CXX_LIBRARY = "libc++";
				CLANG_ENABLE_MODULES = YES;
				CLANG_ENABLE_OBJC_ARC = YES;
				CLANG_WARN_BOOL_CONVERSION = YES;
				CLANG_WARN_CONSTANT_CONVERSION = YES;
				CLANG_WARN_DIRECT_OBJC_ISA_USAGE = YES_ERROR;
				CLANG_WARN_EMPTY_BODY = YES;
				CLANG_WARN_ENUM_CONVERSION = YES;
				CLANG_WARN_INT_CONVERSION = YES;
				CLANG_WARN_OBJC_ROOT_CLASS = YES_ERROR;
				CLANG_WARN_UNREACHABLE_CODE = YES;
				CLANG_WARN__DUPLICATE_METHOD_MATCH = YES;
				"CODE_SIGN_IDENTITY[sdk=iphoneos*]" = "iPhone Developer";
				COPY_PHASE_STRIP = NO;
				DEBUG_INFORMATION_FORMAT = "dwarf-with-dsym";
				ENABLE_NS_ASSERTIONS = NO;
				ENABLE_STRICT_OBJC_MSGSEND = YES;
				GCC_C_LANGUAGE_STANDARD = gnu99;
				GCC_NO_COMMON_BLOCKS = YES;
				GCC_WARN_64_TO_32_BIT_CONVERSION = YES;
				GCC_WARN_ABOUT_RETURN_TYPE = YES_ERROR;
				GCC_WARN_UNDECLARED_SELECTOR = YES;
				GCC_WARN_UNINITIALIZED_AUTOS = YES_AGGRESSIVE;
				GCC_WARN_UNUSED_FUNCTION = YES;
				GCC_WARN_UNUSED_VARIABLE = YES;
				IPHONEOS_DEPLOYMENT_TARGET = 9.1;
				MTL_ENABLE_DEBUG_INFO = NO;
				SDKROOT = iphoneos;
				VALIDATE_PRODUCT = YES;
			};
			name = Release;
		};
		1DA99FE41C0B460B00576553 /* Debug */ = {
			isa = XCBuildConfiguration;
			buildSettings = {
				ASSETCATALOG_COMPILER_APPICON_NAME = AppIcon;
				INFOPLIST_FILE = "Parse Object/Info.plist";
				LD_RUNPATH_SEARCH_PATHS = "$(inherited) @executable_path/Frameworks";
				PRODUCT_BUNDLE_IDENTIFIER = "com.comercomp.Parse-Object";
				PRODUCT_NAME = "$(TARGET_NAME)";
			};
			name = Debug;
		};
		1DA99FE51C0B460B00576553 /* Release */ = {
			isa = XCBuildConfiguration;
			buildSettings = {
				ASSETCATALOG_COMPILER_APPICON_NAME = AppIcon;
				INFOPLIST_FILE = "Parse Object/Info.plist";
				LD_RUNPATH_SEARCH_PATHS = "$(inherited) @executable_path/Frameworks";
				PRODUCT_BUNDLE_IDENTIFIER = "com.comercomp.Parse-Object";
				PRODUCT_NAME = "$(TARGET_NAME)";
			};
			name = Release;
		};
/* End XCBuildConfiguration section */

/* Begin XCConfigurationList section */
		1DA99FC41C0B460A00576553 /* Build configuration list for PBXProject "Parse Object" */ = {
			isa = XCConfigurationList;
			buildConfigurations = (
				1DA99FE11C0B460B00576553 /* Debug */,
				1DA99FE21C0B460B00576553 /* Release */,
			);
			defaultConfigurationIsVisible = 0;
			defaultConfigurationName = Release;
		};
		1DA99FE31C0B460B00576553 /* Build configuration list for PBXNativeTarget "Parse Object" */ = {
			isa = XCConfigurationList;
			buildConfigurations = (
				1DA99FE41C0B460B00576553 /* Debug */,
				1DA99FE51C0B460B00576553 /* Release */,
			);
			defaultConfigurationIsVisible = 0;
		};
/* End XCConfigurationList section */

/* Begin XCVersionGroup section */
		1DA99FD81C0B460A00576553 /* Parse_Object.xcdatamodeld */ = {
			isa = XCVersionGroup;
			children = (
				1DA99FD91C0B460A00576553 /* Parse_Object.xcdatamodel */,
			);
			currentVersion = 1DA99FD91C0B460A00576553 /* Parse_Object.xcdatamodel */;
			path = Parse_Object.xcdatamodeld;
			sourceTree = "<group>";
			versionGroupType = wrapper.xcdatamodel;
		};
/* End XCVersionGroup section */
	};
	rootObject = 1DA99FC11C0B460A00576553 /* Project object */;
}
